
Microsoft Visual Studio Solution File, Format Version 12.00
# Visual Studio Version 16
VisualStudioVersion = 16.0.30406.217
MinimumVisualStudioVersion = 10.0.40219.1
Project("{FAE04EC0-301F-11D3-BF4B-00C04F79EFBC}") = "EPharma", "EPharma\EPharma.csproj", "{FCAB8DBA-6BB4-46A0-8807-FFC71D718C9E}"
EndProject
Global
	GlobalSection(SolutionConfigurationPlatforms) = preSolution
		Debug|Any CPU = Debug|Any CPU
		Release|Any CPU = Release|Any CPU
	EndGlobalSection
	GlobalSection(ProjectConfigurationPlatforms) = postSolution
		{FCAB8DBA-6BB4-46A0-8807-FFC71D718C9E}.Debug|Any CPU.ActiveCfg = Debug|Any CPU
		{FCAB8DBA-6BB4-46A0-8807-FFC71D718C9E}.Debug|Any CPU.Build.0 = Debug|Any CPU
		{FCAB8DBA-6BB4-46A0-8807-FFC71D718C9E}.Release|Any CPU.ActiveCfg = Release|Any CPU
		{FCAB8DBA-6BB4-46A0-8807-FFC71D718C9E}.Release|Any CPU.Build.0 = Release|Any CPU
	EndGlobalSection
	GlobalSection(SolutionProperties) = preSolution
		HideSolutionNode = FALSE
	EndGlobalSection
	GlobalSection(ExtensibilityGlobals) = postSolution
		SolutionGuid = {10C27418-2BF7-4157-A9ED-94BAD5C2F686}
	EndGlobalSection
EndGlobal
